
Microsoft Visual Studio Solution File, Format Version 12.00
# Visual Studio Version 16
VisualStudioVersion = 16.0.31129.286
MinimumVisualStudioVersion = 10.0.40219.1
Project("{9A19103F-16F7-4668-BE54-9A1E7A4F7556}") = "BitskinsAPI_ItemsSell", "BitskinsSellTF2\BitskinsAPI_ItemsSell.csproj", "{048BCF3C-4126-43A5-9A98-B9109B92B70C}"
EndProject
Global
	GlobalSection(SolutionConfigurationPlatforms) = preSolution
		Debug|Any CPU = Debug|Any CPU
		Release|Any CPU = Release|Any CPU
	EndGlobalSection
	GlobalSection(ProjectConfigurationPlatforms) = postSolution
		{048BCF3C-4126-43A5-9A98-B9109B92B70C}.Debug|Any CPU.ActiveCfg = Debug|Any CPU
		{048BCF3C-4126-43A5-9A98-B9109B92B70C}.Debug|Any CPU.Build.0 = Debug|Any CPU
		{048BCF3C-4126-43A5-9A98-B9109B92B70C}.Release|Any CPU.ActiveCfg = Release|Any CPU
		{048BCF3C-4126-43A5-9A98-B9109B92B70C}.Release|Any CPU.Build.0 = Release|Any CPU
	EndGlobalSection
	GlobalSection(SolutionProperties) = preSolution
		HideSolutionNode = FALSE
	EndGlobalSection
	GlobalSection(ExtensibilityGlobals) = postSolution
		SolutionGuid = {846990DC-9D35-43C0-ACFD-0B54875C521B}
	EndGlobalSection
EndGlobal
